github.com/adityatelange/hugo-PaperMod v0.0.0-20250222173341-243ba38a34ce h1:sS4w+tPrfbN8B+toyGwOhGyT2G64w6V6HLfs2ciM218=
github.com/adityatelange/hugo-PaperMod v0.0.0-20250222173341-243ba38a34ce/go.mod h1:HCHxNMKYdGafUYjVV3ICiAqznZK2yH0iI53jqcDFDdQ=
github.com/martignoni/hugo-notice v0.0.0-20240707105359-40327ac00cc4 h1:lxS0B1ta9/uW+orrnvsGHMCC0TgN4DymEgdlb0PL/uU=
github.com/martignoni/hugo-notice v0.0.0-20240707105359-40327ac00cc4/go.mod h1:MIQPOMgEcbyRC0gNLzQFSgrS+wIy3RuQ/HbaZYtTOKU=
